
Microsoft Visual Studio Solution File, Format Version 12.00
# Visual Studio Version 17
VisualStudioVersion = 17.1.32414.318
MinimumVisualStudioVersion = 10.0.40219.1
Project("{FAE04EC0-301F-11D3-BF4B-00C04F79EFBC}") = "GestorDeRestaurante.BS", "GestorDeRestaurante.BS\GestorDeRestaurante.BS.csproj", "{CAF5E8B7-C822-4B21-A085-346BD2706A3B}"
EndProject
Project("{FAE04EC0-301F-11D3-BF4B-00C04F79EFBC}") = "GestorDeRestaurante.DA", "GestorDeRestaurante.DA\GestorDeRestaurante.DA.csproj", "{24C3E06F-6B88-49F5-B891-19AB1A6E7E4F}"
EndProject
Project("{FAE04EC0-301F-11D3-BF4B-00C04F79EFBC}") = "GestorDeRestaurante.Model", "GestorDeRestaurante.Model\GestorDeRestaurante.Model.csproj", "{C9783397-7B57-475A-99A9-353649882F7A}"
EndProject
Project("{FAE04EC0-301F-11D3-BF4B-00C04F79EFBC}") = "GestorDeRestaurante.SI", "GestorDeRestaurante.SI\GestorDeRestaurante.SI.csproj", "{DF229D97-0589-4345-B5D0-FAB95DB17899}"
EndProject
Project("{FAE04EC0-301F-11D3-BF4B-00C04F79EFBC}") = "GestorDeRestaurante.UI", "GestorDeRestaurante.UI\GestorDeRestaurante.UI.csproj", "{2610026E-0128-4B82-8B0C-9A03E37C2F26}"
EndProject
Global
	GlobalSection(SolutionConfigurationPlatforms) = preSolution
		Debug|Any CPU = Debug|Any CPU
		Release|Any CPU = Release|Any CPU
	EndGlobalSection
	GlobalSection(ProjectConfigurationPlatforms) = postSolution
		{CAF5E8B7-C822-4B21-A085-346BD2706A3B}.Debug|Any CPU.ActiveCfg = Debug|Any CPU
		{CAF5E8B7-C822-4B21-A085-346BD2706A3B}.Debug|Any CPU.Build.0 = Debug|Any CPU
		{CAF5E8B7-C822-4B21-A085-346BD2706A3B}.Release|Any CPU.ActiveCfg = Release|Any CPU
		{CAF5E8B7-C822-4B21-A085-346BD2706A3B}.Release|Any CPU.Build.0 = Release|Any CPU
		{24C3E06F-6B88-49F5-B891-19AB1A6E7E4F}.Debug|Any CPU.ActiveCfg = Debug|Any CPU
		{24C3E06F-6B88-49F5-B891-19AB1A6E7E4F}.Debug|Any CPU.Build.0 = Debug|Any CPU
		{24C3E06F-6B88-49F5-B891-19AB1A6E7E4F}.Release|Any CPU.ActiveCfg = Release|Any CPU
		{24C3E06F-6B88-49F5-B891-19AB1A6E7E4F}.Release|Any CPU.Build.0 = Release|Any CPU
		{C9783397-7B57-475A-99A9-353649882F7A}.Debug|Any CPU.ActiveCfg = Debug|Any CPU
		{C9783397-7B57-475A-99A9-353649882F7A}.Debug|Any CPU.Build.0 = Debug|Any CPU
		{C9783397-7B57-475A-99A9-353649882F7A}.Release|Any CPU.ActiveCfg = Release|Any CPU
		{C9783397-7B57-475A-99A9-353649882F7A}.Release|Any CPU.Build.0 = Release|Any CPU
		{DF229D97-0589-4345-B5D0-FAB95DB17899}.Debug|Any CPU.ActiveCfg = Debug|Any CPU
		{DF229D97-0589-4345-B5D0-FAB95DB17899}.Debug|Any CPU.Build.0 = Debug|Any CPU
		{DF229D97-0589-4345-B5D0-FAB95DB17899}.Release|Any CPU.ActiveCfg = Release|Any CPU
		{DF229D97-0589-4345-B5D0-FAB95DB17899}.Release|Any CPU.Build.0 = Release|Any CPU
		{2610026E-0128-4B82-8B0C-9A03E37C2F26}.Debug|Any CPU.ActiveCfg = Debug|Any CPU
		{2610026E-0128-4B82-8B0C-9A03E37C2F26}.Debug|Any CPU.Build.0 = Debug|Any CPU
		{2610026E-0128-4B82-8B0C-9A03E37C2F26}.Release|Any CPU.ActiveCfg = Release|Any CPU
		{2610026E-0128-4B82-8B0C-9A03E37C2F26}.Release|Any CPU.Build.0 = Release|Any CPU
	EndGlobalSection
	GlobalSection(SolutionProperties) = preSolution
		HideSolutionNode = FALSE
	EndGlobalSection
	GlobalSection(ExtensibilityGlobals) = postSolution
		SolutionGuid = {261848BE-FB7E-4446-997B-558C791C8F40}
	EndGlobalSection
EndGlobal
